// !$*UTF8*$!
{
	archiveVersion = 1;
	classes = {
	};
	objectVersion = 55;
	objects = {

/* Begin PBXBuildFile section */
		34FFAEF25D8B55530AFC9C71 /* Pods_Auction_AuctionUITests.framework in Frameworks */ = {isa = PBXBuildFile; fileRef = AEE7758BE6E8EC13A0E808E9 /* Pods_Auction_AuctionUITests.framework */; };
		AB972329C48826B906A0368F /* Pods_AuctionTests.framework in Frameworks */ = {isa = PBXBuildFile; fileRef = BD81E1412E13B7AF049F4878 /* Pods_AuctionTests.framework */; };
		B2FF793F30C3CB4281739C55 /* Pods_Auction.framework in Frameworks */ = {isa = PBXBuildFile; fileRef = 3DFE3F70FB939163118B1453 /* Pods_Auction.framework */; };
		D4EF1B2B2964EDEE0067E5DD /* AppDelegate.swift in Sources */ = {isa = PBXBuildFile; fileRef = D4EF1B2A2964EDEE0067E5DD /* AppDelegate.swift */; };
		D4EF1B2D2964EDEE0067E5DD /* SceneDelegate.swift in Sources */ = {isa = PBXBuildFile; fileRef = D4EF1B2C2964EDEE0067E5DD /* SceneDelegate.swift */; };
		D4EF1B322964EDEE0067E5DD /* Main.storyboard in Resources */ = {isa = PBXBuildFile; fileRef = D4EF1B302964EDEE0067E5DD /* Main.storyboard */; };
		D4EF1B342964EDEF0067E5DD /* Assets.xcassets in Resources */ = {isa = PBXBuildFile; fileRef = D4EF1B332964EDEF0067E5DD /* Assets.xcassets */; };
		D4EF1B372964EDEF0067E5DD /* LaunchScreen.storyboard in Resources */ = {isa = PBXBuildFile; fileRef = D4EF1B352964EDEF0067E5DD /* LaunchScreen.storyboard */; };
		D4EF1B422964EDF00067E5DD /* AuctionTests.swift in Sources */ = {isa = PBXBuildFile; fileRef = D4EF1B412964EDF00067E5DD /* AuctionTests.swift */; };
		D4EF1B4C2964EDF00067E5DD /* AuctionUITests.swift in Sources */ = {isa = PBXBuildFile; fileRef = D4EF1B4B2964EDF00067E5DD /* AuctionUITests.swift */; };
		D4EF1B4E2964EDF00067E5DD /* AuctionUITestsLaunchTests.swift in Sources */ = {isa = PBXBuildFile; fileRef = D4EF1B4D2964EDF00067E5DD /* AuctionUITestsLaunchTests.swift */; };
		D4EF1B5C2964EE1E0067E5DD /* CustomTextField.swift in Sources */ = {isa = PBXBuildFile; fileRef = D4EF1B5B2964EE1E0067E5DD /* CustomTextField.swift */; };
		D4EF1B5F2964EE910067E5DD /* Extensions.swift in Sources */ = {isa = PBXBuildFile; fileRef = D4EF1B5E2964EE910067E5DD /* Extensions.swift */; };
		D4EF1B642964F8640067E5DD /* PropertiesViewController.swift in Sources */ = {isa = PBXBuildFile; fileRef = D4EF1B622964F8640067E5DD /* PropertiesViewController.swift */; };
		D4EF1B652964F8640067E5DD /* PropertiesViewController.xib in Resources */ = {isa = PBXBuildFile; fileRef = D4EF1B632964F8640067E5DD /* PropertiesViewController.xib */; };
		D4EF1B74296627730067E5DD /* Requests.swift in Sources */ = {isa = PBXBuildFile; fileRef = D4EF1B73296627730067E5DD /* Requests.swift */; };
		D4EF1B77296638CC0067E5DD /* CategoryModel.swift in Sources */ = {isa = PBXBuildFile; fileRef = D4EF1B76296638CC0067E5DD /* CategoryModel.swift */; };
/* End PBXBuildFile section */

/* Begin PBXContainerItemProxy section */
		D4EF1B3E2964EDF00067E5DD /* PBXContainerItemProxy */ = {
			isa = PBXContainerItemProxy;
			containerPortal = D4EF1B1F2964EDEE0067E5DD /* Project object */;
			proxyType = 1;
			remoteGlobalIDString = D4EF1B262964EDEE0067E5DD;
			remoteInfo = Auction;
		};
		D4EF1B482964EDF00067E5DD /* PBXContainerItemProxy */ = {
			isa = PBXContainerItemProxy;
			containerPortal = D4EF1B1F2964EDEE0067E5DD /* Project object */;
			proxyType = 1;
			remoteGlobalIDString = D4EF1B262964EDEE0067E5DD;
			remoteInfo = Auction;
		};
/* End PBXContainerItemProxy section */

/* Begin PBXFileReference section */
		0CB085654101691384B4DBF2 /* Pods-Auction.debug.xcconfig */ = {isa = PBXFileReference; includeInIndex = 1; lastKnownFileType = text.xcconfig; name = "Pods-Auction.debug.xcconfig"; path = "Target Support Files/Pods-Auction/Pods-Auction.debug.xcconfig"; sourceTree = "<group>"; };
		3DFE3F70FB939163118B1453 /* Pods_Auction.framework */ = {isa = PBXFileReference; explicitFileType = wrapper.framework; includeInIndex = 0; path = Pods_Auction.framework; sourceTree = BUILT_PRODUCTS_DIR; };
		76A2517EAD60F613BF641EC4 /* Pods-AuctionTests.release.xcconfig */ = {isa = PBXFileReference; includeInIndex = 1; lastKnownFileType = text.xcconfig; name = "Pods-AuctionTests.release.xcconfig"; path = "Target Support Files/Pods-AuctionTests/Pods-AuctionTests.release.xcconfig"; sourceTree = "<group>"; };
		9442AC27A1E81868B6B90D2F /* Pods-AuctionTests.debug.xcconfig */ = {isa = PBXFileReference; includeInIndex = 1; lastKnownFileType = text.xcconfig; name = "Pods-AuctionTests.debug.xcconfig"; path = "Target Support Files/Pods-AuctionTests/Pods-AuctionTests.debug.xcconfig"; sourceTree = "<group>"; };
		AEE7758BE6E8EC13A0E808E9 /* Pods_Auction_AuctionUITests.framework */ = {isa = PBXFileReference; explicitFileType = wrapper.framework; includeInIndex = 0; path = Pods_Auction_AuctionUITests.framework; sourceTree = BUILT_PRODUCTS_DIR; };
		BD81E1412E13B7AF049F4878 /* Pods_AuctionTests.framework */ = {isa = PBXFileReference; explicitFileType = wrapper.framework; includeInIndex = 0; path = Pods_AuctionTests.framework; sourceTree = BUILT_PRODUCTS_DIR; };
		D40A373475F074679B3300E4 /* Pods-Auction.release.xcconfig */ = {isa = PBXFileReference; includeInIndex = 1; lastKnownFileType = text.xcconfig; name = "Pods-Auction.release.xcconfig"; path = "Target Support Files/Pods-Auction/Pods-Auction.release.xcconfig"; sourceTree = "<group>"; };
		D4EF1B272964EDEE0067E5DD /* Auction.app */ = {isa = PBXFileReference; explicitFileType = wrapper.application; includeInIndex = 0; path = Auction.app; sourceTree = BUILT_PRODUCTS_DIR; };
		D4EF1B2A2964EDEE0067E5DD /* AppDelegate.swift */ = {isa = PBXFileReference; lastKnownFileType = sourcecode.swift; path = AppDelegate.swift; sourceTree = "<group>"; };
		D4EF1B2C2964EDEE0067E5DD /* SceneDelegate.swift */ = {isa = PBXFileReference; lastKnownFileType = sourcecode.swift; path = SceneDelegate.swift; sourceTree = "<group>"; };
		D4EF1B312964EDEE0067E5DD /* Base */ = {isa = PBXFileReference; lastKnownFileType = file.storyboard; name = Base; path = Base.lproj/Main.storyboard; sourceTree = "<group>"; };
		D4EF1B332964EDEF0067E5DD /* Assets.xcassets */ = {isa = PBXFileReference; lastKnownFileType = folder.assetcatalog; path = Assets.xcassets; sourceTree = "<group>"; };
		D4EF1B362964EDEF0067E5DD /* Base */ = {isa = PBXFileReference; lastKnownFileType = file.storyboard; name = Base; path = Base.lproj/LaunchScreen.storyboard; sourceTree = "<group>"; };
		D4EF1B382964EDEF0067E5DD /* Info.plist */ = {isa = PBXFileReference; lastKnownFileType = text.plist.xml; path = Info.plist; sourceTree = "<group>"; };
		D4EF1B3D2964EDF00067E5DD /* AuctionTests.xctest */ = {isa = PBXFileReference; explicitFileType = wrapper.cfbundle; includeInIndex = 0; path = AuctionTests.xctest; sourceTree = BUILT_PRODUCTS_DIR; };
		D4EF1B412964EDF00067E5DD /* AuctionTests.swift */ = {isa = PBXFileReference; lastKnownFileType = sourcecode.swift; path = AuctionTests.swift; sourceTree = "<group>"; };
		D4EF1B472964EDF00067E5DD /* AuctionUITests.xctest */ = {isa = PBXFileReference; explicitFileType = wrapper.cfbundle; includeInIndex = 0; path = AuctionUITests.xctest; sourceTree = BUILT_PRODUCTS_DIR; };
		D4EF1B4B2964EDF00067E5DD /* AuctionUITests.swift */ = {isa = PBXFileReference; lastKnownFileType = sourcecode.swift; path = AuctionUITests.swift; sourceTree = "<group>"; };
		D4EF1B4D2964EDF00067E5DD /* AuctionUITestsLaunchTests.swift */ = {isa = PBXFileReference; lastKnownFileType = sourcecode.swift; path = AuctionUITestsLaunchTests.swift; sourceTree = "<group>"; };
		D4EF1B5B2964EE1E0067E5DD /* CustomTextField.swift */ = {isa = PBXFileReference; lastKnownFileType = sourcecode.swift; path = CustomTextField.swift; sourceTree = "<group>"; };
		D4EF1B5E2964EE910067E5DD /* Extensions.swift */ = {isa = PBXFileReference; lastKnownFileType = sourcecode.swift; path = Extensions.swift; sourceTree = "<group>"; };
		D4EF1B622964F8640067E5DD /* PropertiesViewController.swift */ = {isa = PBXFileReference; lastKnownFileType = sourcecode.swift; path = PropertiesViewController.swift; sourceTree = "<group>"; };
		D4EF1B632964F8640067E5DD /* PropertiesViewController.xib */ = {isa = PBXFileReference; lastKnownFileType = file.xib; path = PropertiesViewController.xib; sourceTree = "<group>"; };
		D4EF1B73296627730067E5DD /* Requests.swift */ = {isa = PBXFileReference; lastKnownFileType = sourcecode.swift; path = Requests.swift; sourceTree = "<group>"; };
		D4EF1B76296638CC0067E5DD /* CategoryModel.swift */ = {isa = PBXFileReference; lastKnownFileType = sourcecode.swift; path = CategoryModel.swift; sourceTree = "<group>"; };
		D65E0BD02F1DCF5D3B83FBAF /* Pods-Auction-AuctionUITests.release.xcconfig */ = {isa = PBXFileReference; includeInIndex = 1; lastKnownFileType = text.xcconfig; name = "Pods-Auction-AuctionUITests.release.xcconfig"; path = "Target Support Files/Pods-Auction-AuctionUITests/Pods-Auction-AuctionUITests.release.xcconfig"; sourceTree = "<group>"; };
		EC21907E3278884FA1701060 /* Pods-Auction-AuctionUITests.debug.xcconfig */ = {isa = PBXFileReference; includeInIndex = 1; lastKnownFileType = text.xcconfig; name = "Pods-Auction-AuctionUITests.debug.xcconfig"; path = "Target Support Files/Pods-Auction-AuctionUITests/Pods-Auction-AuctionUITests.debug.xcconfig"; sourceTree = "<group>"; };
/* End PBXFileReference section */

/* Begin PBXFrameworksBuildPhase section */
		D4EF1B242964EDEE0067E5DD /* Frameworks */ = {
			isa = PBXFrameworksBuildPhase;
			buildActionMask = 2147483647;
			files = (
				B2FF793F30C3CB4281739C55 /* Pods_Auction.framework in Frameworks */,
			);
			runOnlyForDeploymentPostprocessing = 0;
		};
		D4EF1B3A2964EDF00067E5DD /* Frameworks */ = {
			isa = PBXFrameworksBuildPhase;
			buildActionMask = 2147483647;
			files = (
				AB972329C48826B906A0368F /* Pods_AuctionTests.framework in Frameworks */,
			);
			runOnlyForDeploymentPostprocessing = 0;
		};
		D4EF1B442964EDF00067E5DD /* Frameworks */ = {
			isa = PBXFrameworksBuildPhase;
			buildActionMask = 2147483647;
			files = (
				34FFAEF25D8B55530AFC9C71 /* Pods_Auction_AuctionUITests.framework in Frameworks */,
			);
			runOnlyForDeploymentPostprocessing = 0;
		};
/* End PBXFrameworksBuildPhase section */

/* Begin PBXGroup section */
		64A1CC689E0EAF659C1805ED /* Frameworks */ = {
			isa = PBXGroup;
			children = (
				3DFE3F70FB939163118B1453 /* Pods_Auction.framework */,
				AEE7758BE6E8EC13A0E808E9 /* Pods_Auction_AuctionUITests.framework */,
				BD81E1412E13B7AF049F4878 /* Pods_AuctionTests.framework */,
			);
			name = Frameworks;
			sourceTree = "<group>";
		};
		D4EF1B1E2964EDEE0067E5DD = {
			isa = PBXGroup;
			children = (
				D4EF1B292964EDEE0067E5DD /* Auction */,
				D4EF1B402964EDF00067E5DD /* AuctionTests */,
				D4EF1B4A2964EDF00067E5DD /* AuctionUITests */,
				D4EF1B282964EDEE0067E5DD /* Products */,
				E2C9D72B7E75C51AAC0F7D62 /* Pods */,
				64A1CC689E0EAF659C1805ED /* Frameworks */,
			);
			sourceTree = "<group>";
		};
		D4EF1B282964EDEE0067E5DD /* Products */ = {
			isa = PBXGroup;
			children = (
				D4EF1B272964EDEE0067E5DD /* Auction.app */,
				D4EF1B3D2964EDF00067E5DD /* AuctionTests.xctest */,
				D4EF1B472964EDF00067E5DD /* AuctionUITests.xctest */,
			);
			name = Products;
			sourceTree = "<group>";
		};
		D4EF1B292964EDEE0067E5DD /* Auction */ = {
			isa = PBXGroup;
			children = (
				D4EF1B6629658A9B0067E5DD /* Networking */,
				D4EF1B602964F83D0067E5DD /* Categories */,
				D4EF1B5D2964EE860067E5DD /* Helpers */,
				D4EF1B5A2964EE080067E5DD /* CustomViews */,
				D4EF1B2A2964EDEE0067E5DD /* AppDelegate.swift */,
				D4EF1B2C2964EDEE0067E5DD /* SceneDelegate.swift */,
				D4EF1B302964EDEE0067E5DD /* Main.storyboard */,
				D4EF1B332964EDEF0067E5DD /* Assets.xcassets */,
				D4EF1B352964EDEF0067E5DD /* LaunchScreen.storyboard */,
				D4EF1B382964EDEF0067E5DD /* Info.plist */,
			);
			path = Auction;
			sourceTree = "<group>";
		};
		D4EF1B402964EDF00067E5DD /* AuctionTests */ = {
			isa = PBXGroup;
			children = (
				D4EF1B412964EDF00067E5DD /* AuctionTests.swift */,
			);
			path = AuctionTests;
			sourceTree = "<group>";
		};
		D4EF1B4A2964EDF00067E5DD /* AuctionUITests */ = {
			isa = PBXGroup;
			children = (
				D4EF1B4B2964EDF00067E5DD /* AuctionUITests.swift */,
				D4EF1B4D2964EDF00067E5DD /* AuctionUITestsLaunchTests.swift */,
			);
			path = AuctionUITests;
			sourceTree = "<group>";
		};
		D4EF1B5A2964EE080067E5DD /* CustomViews */ = {
			isa = PBXGroup;
			children = (
				D4EF1B5B2964EE1E0067E5DD /* CustomTextField.swift */,
			);
			path = CustomViews;
			sourceTree = "<group>";
		};
		D4EF1B5D2964EE860067E5DD /* Helpers */ = {
			isa = PBXGroup;
			children = (
				D4EF1B5E2964EE910067E5DD /* Extensions.swift */,
			);
			path = Helpers;
			sourceTree = "<group>";
		};
		D4EF1B602964F83D0067E5DD /* Categories */ = {
			isa = PBXGroup;
			children = (
				D4EF1B75296638BB0067E5DD /* Model */,
				D4EF1B612964F8450067E5DD /* View */,
			);
			path = Categories;
			sourceTree = "<group>";
		};
		D4EF1B612964F8450067E5DD /* View */ = {
			isa = PBXGroup;
			children = (
				D4EF1B622964F8640067E5DD /* PropertiesViewController.swift */,
				D4EF1B632964F8640067E5DD /* PropertiesViewController.xib */,
			);
			path = View;
			sourceTree = "<group>";
		};
		D4EF1B6629658A9B0067E5DD /* Networking */ = {
			isa = PBXGroup;
			children = (
				D4EF1B73296627730067E5DD /* Requests.swift */,
			);
			path = Networking;
			sourceTree = "<group>";
		};
		D4EF1B75296638BB0067E5DD /* Model */ = {
			isa = PBXGroup;
			children = (
				D4EF1B76296638CC0067E5DD /* CategoryModel.swift */,
			);
			path = Model;
			sourceTree = "<group>";
		};
		E2C9D72B7E75C51AAC0F7D62 /* Pods */ = {
			isa = PBXGroup;
			children = (
				0CB085654101691384B4DBF2 /* Pods-Auction.debug.xcconfig */,
				D40A373475F074679B3300E4 /* Pods-Auction.release.xcconfig */,
				EC21907E3278884FA1701060 /* Pods-Auction-AuctionUITests.debug.xcconfig */,
				D65E0BD02F1DCF5D3B83FBAF /* Pods-Auction-AuctionUITests.release.xcconfig */,
				9442AC27A1E81868B6B90D2F /* Pods-AuctionTests.debug.xcconfig */,
				76A2517EAD60F613BF641EC4 /* Pods-AuctionTests.release.xcconfig */,
			);
			path = Pods;
			sourceTree = "<group>";
		};
/* End PBXGroup section */

/* Begin PBXNativeTarget section */
		D4EF1B262964EDEE0067E5DD /* Auction */ = {
			isa = PBXNativeTarget;
			buildConfigurationList = D4EF1B512964EDF00067E5DD /* Build configuration list for PBXNativeTarget "Auction" */;
			buildPhases = (
				F0E1C25F73805629C34C4F4D /* [CP] Check Pods Manifest.lock */,
				D4EF1B232964EDEE0067E5DD /* Sources */,
				D4EF1B242964EDEE0067E5DD /* Frameworks */,
				D4EF1B252964EDEE0067E5DD /* Resources */,
				F883037FE8816DBFE8718715 /* [CP] Embed Pods Frameworks */,
			);
			buildRules = (
			);
			dependencies = (
			);
			name = Auction;
			productName = Auction;
			productReference = D4EF1B272964EDEE0067E5DD /* Auction.app */;
			productType = "com.apple.product-type.application";
		};
		D4EF1B3C2964EDF00067E5DD /* AuctionTests */ = {
			isa = PBXNativeTarget;
			buildConfigurationList = D4EF1B542964EDF00067E5DD /* Build configuration list for PBXNativeTarget "AuctionTests" */;
			buildPhases = (
				3EAA685692408AFF5C8DF2D2 /* [CP] Check Pods Manifest.lock */,
				D4EF1B392964EDF00067E5DD /* Sources */,
				D4EF1B3A2964EDF00067E5DD /* Frameworks */,
				D4EF1B3B2964EDF00067E5DD /* Resources */,
			);
			buildRules = (
			);
			dependencies = (
				D4EF1B3F2964EDF00067E5DD /* PBXTargetDependency */,
			);
			name = AuctionTests;
			productName = AuctionTests;
			productReference = D4EF1B3D2964EDF00067E5DD /* AuctionTests.xctest */;
			productType = "com.apple.product-type.bundle.unit-test";
		};
		D4EF1B462964EDF00067E5DD /* AuctionUITests */ = {
			isa = PBXNativeTarget;
			buildConfigurationList = D4EF1B572964EDF00067E5DD /* Build configuration list for PBXNativeTarget "AuctionUITests" */;
			buildPhases = (
				3B1587CE4E23937DD836C774 /* [CP] Check Pods Manifest.lock */,
				D4EF1B432964EDF00067E5DD /* Sources */,
				D4EF1B442964EDF00067E5DD /* Frameworks */,
				D4EF1B452964EDF00067E5DD /* Resources */,
				BD7B9EB20283C8EE8FDFE15A /* [CP] Embed Pods Frameworks */,
			);
			buildRules = (
			);
			dependencies = (
				D4EF1B492964EDF00067E5DD /* PBXTargetDependency */,
			);
			name = AuctionUITests;
			productName = AuctionUITests;
			productReference = D4EF1B472964EDF00067E5DD /* AuctionUITests.xctest */;
			productType = "com.apple.product-type.bundle.ui-testing";
		};
/* End PBXNativeTarget section */

/* Begin PBXProject section */
		D4EF1B1F2964EDEE0067E5DD /* Project object */ = {
			isa = PBXProject;
			attributes = {
				BuildIndependentTargetsInParallel = 1;
				LastSwiftUpdateCheck = 1320;
				LastUpgradeCheck = 1320;
				TargetAttributes = {
					D4EF1B262964EDEE0067E5DD = {
						CreatedOnToolsVersion = 13.2.1;
					};
					D4EF1B3C2964EDF00067E5DD = {
						CreatedOnToolsVersion = 13.2.1;
						TestTargetID = D4EF1B262964EDEE0067E5DD;
					};
					D4EF1B462964EDF00067E5DD = {
						CreatedOnToolsVersion = 13.2.1;
						TestTargetID = D4EF1B262964EDEE0067E5DD;
					};
				};
			};
			buildConfigurationList = D4EF1B222964EDEE0067E5DD /* Build configuration list for PBXProject "Auction" */;
			compatibilityVersion = "Xcode 13.0";
			developmentRegion = en;
			hasScannedForEncodings = 0;
			knownRegions = (
				en,
				Base,
			);
			mainGroup = D4EF1B1E2964EDEE0067E5DD;
			productRefGroup = D4EF1B282964EDEE0067E5DD /* Products */;
			projectDirPath = "";
			projectRoot = "";
			targets = (
				D4EF1B262964EDEE0067E5DD /* Auction */,
				D4EF1B3C2964EDF00067E5DD /* AuctionTests */,
				D4EF1B462964EDF00067E5DD /* AuctionUITests */,
			);
		};
/* End PBXProject section */

/* Begin PBXResourcesBuildPhase section */
		D4EF1B252964EDEE0067E5DD /* Resources */ = {
			isa = PBXResourcesBuildPhase;
			buildActionMask = 2147483647;
			files = (
				D4EF1B372964EDEF0067E5DD /* LaunchScreen.storyboard in Resources */,
				D4EF1B652964F8640067E5DD /* PropertiesViewController.xib in Resources */,
				D4EF1B342964EDEF0067E5DD /* Assets.xcassets in Resources */,
				D4EF1B322964EDEE0067E5DD /* Main.storyboard in Resources */,
			);
			runOnlyForDeploymentPostprocessing = 0;
		};
		D4EF1B3B2964EDF00067E5DD /* Resources */ = {
			isa = PBXResourcesBuildPhase;
			buildActionMask = 2147483647;
			files = (
			);
			runOnlyForDeploymentPostprocessing = 0;
		};
		D4EF1B452964EDF00067E5DD /* Resources */ = {
			isa = PBXResourcesBuildPhase;
			buildActionMask = 2147483647;
			files = (
			);
			runOnlyForDeploymentPostprocessing = 0;
		};
/* End PBXResourcesBuildPhase section */

/* Begin PBXShellScriptBuildPhase section */
		3B1587CE4E23937DD836C774 /* [CP] Check Pods Manifest.lock */ = {
			isa = PBXShellScriptBuildPhase;
			buildActionMask = 2147483647;
			files = (
			);
			inputFileListPaths = (
			);
			inputPaths = (
				"${PODS_PODFILE_DIR_PATH}/Podfile.lock",
				"${PODS_ROOT}/Manifest.lock",
			);
			name = "[CP] Check Pods Manifest.lock";
			outputFileListPaths = (
			);
			outputPaths = (
				"$(DERIVED_FILE_DIR)/Pods-Auction-AuctionUITests-checkManifestLockResult.txt",
			);
			runOnlyForDeploymentPostprocessing = 0;
			shellPath = /bin/sh;
			shellScript = "diff \"${PODS_PODFILE_DIR_PATH}/Podfile.lock\" \"${PODS_ROOT}/Manifest.lock\" > /dev/null\nif [ $? != 0 ] ; then\n    # print error to STDERR\n    echo \"error: The sandbox is not in sync with the Podfile.lock. Run 'pod install' or update your CocoaPods installation.\" >&2\n    exit 1\nfi\n# This output is used by Xcode 'outputs' to avoid re-running this script phase.\necho \"SUCCESS\" > \"${SCRIPT_OUTPUT_FILE_0}\"\n";
			showEnvVarsInLog = 0;
		};
		3EAA685692408AFF5C8DF2D2 /* [CP] Check Pods Manifest.lock */ = {
			isa = PBXShellScriptBuildPhase;
			buildActionMask = 2147483647;
			files = (
			);
			inputFileListPaths = (
			);
			inputPaths = (
				"${PODS_PODFILE_DIR_PATH}/Podfile.lock",
				"${PODS_ROOT}/Manifest.lock",
			);
			name = "[CP] Check Pods Manifest.lock";
			outputFileListPaths = (
			);
			outputPaths = (
				"$(DERIVED_FILE_DIR)/Pods-AuctionTests-checkManifestLockResult.txt",
			);
			runOnlyForDeploymentPostprocessing = 0;
			shellPath = /bin/sh;
			shellScript = "diff \"${PODS_PODFILE_DIR_PATH}/Podfile.lock\" \"${PODS_ROOT}/Manifest.lock\" > /dev/null\nif [ $? != 0 ] ; then\n    # print error to STDERR\n    echo \"error: The sandbox is not in sync with the Podfile.lock. Run 'pod install' or update your CocoaPods installation.\" >&2\n    exit 1\nfi\n# This output is used by Xcode 'outputs' to avoid re-running this script phase.\necho \"SUCCESS\" > \"${SCRIPT_OUTPUT_FILE_0}\"\n";
			showEnvVarsInLog = 0;
		};
		BD7B9EB20283C8EE8FDFE15A /* [CP] Embed Pods Frameworks */ = {
			isa = PBXShellScriptBuildPhase;
			buildActionMask = 2147483647;
			files = (
			);
			inputFileListPaths = (
				"${PODS_ROOT}/Target Support Files/Pods-Auction-AuctionUITests/Pods-Auction-AuctionUITests-frameworks-${CONFIGURATION}-input-files.xcfilelist",
			);
			name = "[CP] Embed Pods Frameworks";
			outputFileListPaths = (
				"${PODS_ROOT}/Target Support Files/Pods-Auction-AuctionUITests/Pods-Auction-AuctionUITests-frameworks-${CONFIGURATION}-output-files.xcfilelist",
			);
			runOnlyForDeploymentPostprocessing = 0;
			shellPath = /bin/sh;
			shellScript = "\"${PODS_ROOT}/Target Support Files/Pods-Auction-AuctionUITests/Pods-Auction-AuctionUITests-frameworks.sh\"\n";
			showEnvVarsInLog = 0;
		};
		F0E1C25F73805629C34C4F4D /* [CP] Check Pods Manifest.lock */ = {
			isa = PBXShellScriptBuildPhase;
			buildActionMask = 2147483647;
			files = (
			);
			inputFileListPaths = (
			);
			inputPaths = (
				"${PODS_PODFILE_DIR_PATH}/Podfile.lock",
				"${PODS_ROOT}/Manifest.lock",
			);
			name = "[CP] Check Pods Manifest.lock";
			outputFileListPaths = (
			);
			outputPaths = (
				"$(DERIVED_FILE_DIR)/Pods-Auction-checkManifestLockResult.txt",
			);
			runOnlyForDeploymentPostprocessing = 0;
			shellPath = /bin/sh;
			shellScript = "diff \"${PODS_PODFILE_DIR_PATH}/Podfile.lock\" \"${PODS_ROOT}/Manifest.lock\" > /dev/null\nif [ $? != 0 ] ; then\n    # print error to STDERR\n    echo \"error: The sandbox is not in sync with the Podfile.lock. Run 'pod install' or update your CocoaPods installation.\" >&2\n    exit 1\nfi\n# This output is used by Xcode 'outputs' to avoid re-running this script phase.\necho \"SUCCESS\" > \"${SCRIPT_OUTPUT_FILE_0}\"\n";
			showEnvVarsInLog = 0;
		};
		F883037FE8816DBFE8718715 /* [CP] Embed Pods Frameworks */ = {
			isa = PBXShellScriptBuildPhase;
			buildActionMask = 2147483647;
			files = (
			);
			inputFileListPaths = (
				"${PODS_ROOT}/Target Support Files/Pods-Auction/Pods-Auction-frameworks-${CONFIGURATION}-input-files.xcfilelist",
			);
			name = "[CP] Embed Pods Frameworks";
			outputFileListPaths = (
				"${PODS_ROOT}/Target Support Files/Pods-Auction/Pods-Auction-frameworks-${CONFIGURATION}-output-files.xcfilelist",
			);
			runOnlyForDeploymentPostprocessing = 0;
			shellPath = /bin/sh;
			shellScript = "\"${PODS_ROOT}/Target Support Files/Pods-Auction/Pods-Auction-frameworks.sh\"\n";
			showEnvVarsInLog = 0;
		};
/* End PBXShellScriptBuildPhase section */

/* Begin PBXSourcesBuildPhase section */
		D4EF1B232964EDEE0067E5DD /* Sources */ = {
			isa = PBXSourcesBuildPhase;
			buildActionMask = 2147483647;
			files = (
				D4EF1B2B2964EDEE0067E5DD /* AppDelegate.swift in Sources */,
				D4EF1B2D2964EDEE0067E5DD /* SceneDelegate.swift in Sources */,
				D4EF1B5C2964EE1E0067E5DD /* CustomTextField.swift in Sources */,
				D4EF1B74296627730067E5DD /* Requests.swift in Sources */,
				D4EF1B77296638CC0067E5DD /* CategoryModel.swift in Sources */,
				D4EF1B5F2964EE910067E5DD /* Extensions.swift in Sources */,
				D4EF1B642964F8640067E5DD /* PropertiesViewController.swift in Sources */,
			);
			runOnlyForDeploymentPostprocessing = 0;
		};
		D4EF1B392964EDF00067E5DD /* Sources */ = {
			isa = PBXSourcesBuildPhase;
			buildActionMask = 2147483647;
			files = (
				D4EF1B422964EDF00067E5DD /* AuctionTests.swift in Sources */,
			);
			runOnlyForDeploymentPostprocessing = 0;
		};
		D4EF1B432964EDF00067E5DD /* Sources */ = {
			isa = PBXSourcesBuildPhase;
			buildActionMask = 2147483647;
			files = (
				D4EF1B4E2964EDF00067E5DD /* AuctionUITestsLaunchTests.swift in Sources */,
				D4EF1B4C2964EDF00067E5DD /* AuctionUITests.swift in Sources */,
			);
			runOnlyForDeploymentPostprocessing = 0;
		};
/* End PBXSourcesBuildPhase section */

/* Begin PBXTargetDependency section */
		D4EF1B3F2964EDF00067E5DD /* PBXTargetDependency */ = {
			isa = PBXTargetDependency;
			target = D4EF1B262964EDEE0067E5DD /* Auction */;
			targetProxy = D4EF1B3E2964EDF00067E5DD /* PBXContainerItemProxy */;
		};
		D4EF1B492964EDF00067E5DD /* PBXTargetDependency */ = {
			isa = PBXTargetDependency;
			target = D4EF1B262964EDEE0067E5DD /* Auction */;
			targetProxy = D4EF1B482964EDF00067E5DD /* PBXContainerItemProxy */;
		};
/* End PBXTargetDependency section */

/* Begin PBXVariantGroup section */
		D4EF1B302964EDEE0067E5DD /* Main.storyboard */ = {
			isa = PBXVariantGroup;
			children = (
				D4EF1B312964EDEE0067E5DD /* Base */,
			);
			name = Main.storyboard;
			sourceTree = "<group>";
		};
		D4EF1B352964EDEF0067E5DD /* LaunchScreen.storyboard */ = {
			isa = PBXVariantGroup;
			children = (
				D4EF1B362964EDEF0067E5DD /* Base */,
			);
			name = LaunchScreen.storyboard;
			sourceTree = "<group>";
		};
/* End PBXVariantGroup section */

/* Begin XCBuildConfiguration section */
		D4EF1B4F2964EDF00067E5DD /* Debug */ = {
			isa = XCBuildConfiguration;
			buildSettings = {
				ALWAYS_SEARCH_USER_PATHS = NO;
				CLANG_ANALYZER_NONNULL = YES;
				CLANG_ANALYZER_NUMBER_OBJECT_CONVERSION = YES_AGGRESSIVE;
				CLANG_CXX_LANGUAGE_STANDARD = "gnu++17";
				CLANG_CXX_LIBRARY = "libc++";
				CLANG_ENABLE_MODULES = YES;
				CLANG_ENABLE_OBJC_ARC = YES;
				CLANG_ENABLE_OBJC_WEAK = YES;
				CLANG_WARN_BLOCK_CAPTURE_AUTORELEASING = YES;
				CLANG_WARN_BOOL_CONVERSION = YES;
				CLANG_WARN_COMMA = YES;
				CLANG_WARN_CONSTANT_CONVERSION = YES;
				CLANG_WARN_DEPRECATED_OBJC_IMPLEMENTATIONS = YES;
				CLANG_WARN_DIRECT_OBJC_ISA_USAGE = YES_ERROR;
				CLANG_WARN_DOCUMENTATION_COMMENTS = YES;
				CLANG_WARN_EMPTY_BODY = YES;
				CLANG_WARN_ENUM_CONVERSION = YES;
				CLANG_WARN_INFINITE_RECURSION = YES;
				CLANG_WARN_INT_CONVERSION = YES;
				CLANG_WARN_NON_LITERAL_NULL_CONVERSION = YES;
				CLANG_WARN_OBJC_IMPLICIT_RETAIN_SELF = YES;
				CLANG_WARN_OBJC_LITERAL_CONVERSION = YES;
				CLANG_WARN_OBJC_ROOT_CLASS = YES_ERROR;
				CLANG_WARN_QUOTED_INCLUDE_IN_FRAMEWORK_HEADER = YES;
				CLANG_WARN_RANGE_LOOP_ANALYSIS = YES;
				CLANG_WARN_STRICT_PROTOTYPES = YES;
				CLANG_WARN_SUSPICIOUS_MOVE = YES;
				CLANG_WARN_UNGUARDED_AVAILABILITY = YES_AGGRESSIVE;
				CLANG_WARN_UNREACHABLE_CODE = YES;
				CLANG_WARN__DUPLICATE_METHOD_MATCH = YES;
				COPY_PHASE_STRIP = NO;
				DEBUG_INFORMATION_FORMAT = dwarf;
				ENABLE_STRICT_OBJC_MSGSEND = YES;
				ENABLE_TESTABILITY = YES;
				GCC_C_LANGUAGE_STANDARD = gnu11;
				GCC_DYNAMIC_NO_PIC = NO;
				GCC_NO_COMMON_BLOCKS = YES;
				GCC_OPTIMIZATION_LEVEL = 0;
				GCC_PREPROCESSOR_DEFINITIONS = (
					"DEBUG=1",
					"$(inherited)",
				);
				GCC_WARN_64_TO_32_BIT_CONVERSION = YES;
				GCC_WARN_ABOUT_RETURN_TYPE = YES_ERROR;
				GCC_WARN_UNDECLARED_SELECTOR = YES;
				GCC_WARN_UNINITIALIZED_AUTOS = YES_AGGRESSIVE;
				GCC_WARN_UNUSED_FUNCTION = YES;
				GCC_WARN_UNUSED_VARIABLE = YES;
				IPHONEOS_DEPLOYMENT_TARGET = 15.2;
				MTL_ENABLE_DEBUG_INFO = INCLUDE_SOURCE;
				MTL_FAST_MATH = YES;
				ONLY_ACTIVE_ARCH = YES;
				SDKROOT = iphoneos;
				SWIFT_ACTIVE_COMPILATION_CONDITIONS = DEBUG;
				SWIFT_OPTIMIZATION_LEVEL = "-Onone";
			};
			name = Debug;
		};
		D4EF1B502964EDF00067E5DD /* Release */ = {
			isa = XCBuildConfiguration;
			buildSettings = {
				ALWAYS_SEARCH_USER_PATHS = NO;
				CLANG_ANALYZER_NONNULL = YES;
				CLANG_ANALYZER_NUMBER_OBJECT_CONVERSION = YES_AGGRESSIVE;
				CLANG_CXX_LANGUAGE_STANDARD = "gnu++17";
				CLANG_CXX_LIBRARY = "libc++";
				CLANG_ENABLE_MODULES = YES;
				CLANG_ENABLE_OBJC_ARC = YES;
				CLANG_ENABLE_OBJC_WEAK = YES;
				CLANG_WARN_BLOCK_CAPTURE_AUTORELEASING = YES;
				CLANG_WARN_BOOL_CONVERSION = YES;
				CLANG_WARN_COMMA = YES;
				CLANG_WARN_CONSTANT_CONVERSION = YES;
				CLANG_WARN_DEPRECATED_OBJC_IMPLEMENTATIONS = YES;
				CLANG_WARN_DIRECT_OBJC_ISA_USAGE = YES_ERROR;
				CLANG_WARN_DOCUMENTATION_COMMENTS = YES;
				CLANG_WARN_EMPTY_BODY = YES;
				CLANG_WARN_ENUM_CONVERSION = YES;
				CLANG_WARN_INFINITE_RECURSION = YES;
				CLANG_WARN_INT_CONVERSION = YES;
				CLANG_WARN_NON_LITERAL_NULL_CONVERSION = YES;
				CLANG_WARN_OBJC_IMPLICIT_RETAIN_SELF = YES;
				CLANG_WARN_OBJC_LITERAL_CONVERSION = YES;
				CLANG_WARN_OBJC_ROOT_CLASS = YES_ERROR;
				CLANG_WARN_QUOTED_INCLUDE_IN_FRAMEWORK_HEADER = YES;
				CLANG_WARN_RANGE_LOOP_ANALYSIS = YES;
				CLANG_WARN_STRICT_PROTOTYPES = YES;
				CLANG_WARN_SUSPICIOUS_MOVE = YES;
				CLANG_WARN_UNGUARDED_AVAILABILITY = YES_AGGRESSIVE;
				CLANG_WARN_UNREACHABLE_CODE = YES;
				CLANG_WARN__DUPLICATE_METHOD_MATCH = YES;
				COPY_PHASE_STRIP = NO;
				DEBUG_INFORMATION_FORMAT = "dwarf-with-dsym";
				ENABLE_NS_ASSERTIONS = NO;
				ENABLE_STRICT_OBJC_MSGSEND = YES;
				GCC_C_LANGUAGE_STANDARD = gnu11;
				GCC_NO_COMMON_BLOCKS = YES;
				GCC_WARN_64_TO_32_BIT_CONVERSION = YES;
				GCC_WARN_ABOUT_RETURN_TYPE = YES_ERROR;
				GCC_WARN_UNDECLARED_SELECTOR = YES;
				GCC_WARN_UNINITIALIZED_AUTOS = YES_AGGRESSIVE;
				GCC_WARN_UNUSED_FUNCTION = YES;
				GCC_WARN_UNUSED_VARIABLE = YES;
				IPHONEOS_DEPLOYMENT_TARGET = 15.2;
				MTL_ENABLE_DEBUG_INFO = NO;
				MTL_FAST_MATH = YES;
				SDKROOT = iphoneos;
				SWIFT_COMPILATION_MODE = wholemodule;
				SWIFT_OPTIMIZATION_LEVEL = "-O";
				VALIDATE_PRODUCT = YES;
			};
			name = Release;
		};
		D4EF1B522964EDF00067E5DD /* Debug */ = {
			isa = XCBuildConfiguration;
			baseConfigurationReference = 0CB085654101691384B4DBF2 /* Pods-Auction.debug.xcconfig */;
			buildSettings = {
				ASSETCATALOG_COMPILER_APPICON_NAME = AppIcon;
				ASSETCATALOG_COMPILER_GLOBAL_ACCENT_COLOR_NAME = AccentColor;
				CODE_SIGN_STYLE = Automatic;
				CURRENT_PROJECT_VERSION = 1;
				GENERATE_INFOPLIST_FILE = YES;
				INFOPLIST_FILE = Auction/Info.plist;
				INFOPLIST_KEY_UIApplicationSupportsIndirectInputEvents = YES;
				INFOPLIST_KEY_UILaunchStoryboardName = LaunchScreen;
				INFOPLIST_KEY_UIMainStoryboardFile = Main;
				INFOPLIST_KEY_UISupportedInterfaceOrientations_iPad = "UIInterfaceOrientationPortrait UIInterfaceOrientationPortraitUpsideDown UIInterfaceOrientationLandscapeLeft UIInterfaceOrientationLandscapeRight";
				INFOPLIST_KEY_UISupportedInterfaceOrientations_iPhone = "UIInterfaceOrientationPortrait UIInterfaceOrientationLandscapeLeft UIInterfaceOrientationLandscapeRight";
				LD_RUNPATH_SEARCH_PATHS = (
					"$(inherited)",
					"@executable_path/Frameworks",
				);
				MARKETING_VERSION = 1.0;
				PRODUCT_BUNDLE_IDENTIFIER = Mostafa.Auction;
				PRODUCT_NAME = "$(TARGET_NAME)";
				SWIFT_EMIT_LOC_STRINGS = YES;
				SWIFT_VERSION = 5.0;
				TARGETED_DEVICE_FAMILY = "1,2";
			};
			name = Debug;
		};
		D4EF1B532964EDF00067E5DD /* Release */ = {
			isa = XCBuildConfiguration;
			baseConfigurationReference = D40A373475F074679B3300E4 /* Pods-Auction.release.xcconfig */;
			buildSettings = {
				ASSETCATALOG_COMPILER_APPICON_NAME = AppIcon;
				ASSETCATALOG_COMPILER_GLOBAL_ACCENT_COLOR_NAME = AccentColor;
				CODE_SIGN_STYLE = Automatic;
				CURRENT_PROJECT_VERSION = 1;
				GENERATE_INFOPLIST_FILE = YES;
				INFOPLIST_FILE = Auction/Info.plist;
				INFOPLIST_KEY_UIApplicationSupportsIndirectInputEvents = YES;
				INFOPLIST_KEY_UILaunchStoryboardName = LaunchScreen;
				INFOPLIST_KEY_UIMainStoryboardFile = Main;
				INFOPLIST_KEY_UISupportedInterfaceOrientations_iPad = "UIInterfaceOrientationPortrait UIInterfaceOrientationPortraitUpsideDown UIInterfaceOrientationLandscapeLeft UIInterfaceOrientationLandscapeRight";
				INFOPLIST_KEY_UISupportedInterfaceOrientations_iPhone = "UIInterfaceOrientationPortrait UIInterfaceOrientationLandscapeLeft UIInterfaceOrientationLandscapeRight";
				LD_RUNPATH_SEARCH_PATHS = (
					"$(inherited)",
					"@executable_path/Frameworks",
				);
				MARKETING_VERSION = 1.0;
				PRODUCT_BUNDLE_IDENTIFIER = Mostafa.Auction;
				PRODUCT_NAME = "$(TARGET_NAME)";
				SWIFT_EMIT_LOC_STRINGS = YES;
				SWIFT_VERSION = 5.0;
				TARGETED_DEVICE_FAMILY = "1,2";
			};
			name = Release;
		};
		D4EF1B552964EDF00067E5DD /* Debug */ = {
			isa = XCBuildConfiguration;
			baseConfigurationReference = 9442AC27A1E81868B6B90D2F /* Pods-AuctionTests.debug.xcconfig */;
			buildSettings = {
				ALWAYS_EMBED_SWIFT_STANDARD_LIBRARIES = YES;
				BUNDLE_LOADER = "$(TEST_HOST)";
				CODE_SIGN_STYLE = Automatic;
				CURRENT_PROJECT_VERSION = 1;
				GENERATE_INFOPLIST_FILE = YES;
				IPHONEOS_DEPLOYMENT_TARGET = 15.2;
				MARKETING_VERSION = 1.0;
				PRODUCT_BUNDLE_IDENTIFIER = Mostafa.AuctionTests;
				PRODUCT_NAME = "$(TARGET_NAME)";
				SWIFT_EMIT_LOC_STRINGS = NO;
				SWIFT_VERSION = 5.0;
				TARGETED_DEVICE_FAMILY = "1,2";
				TEST_HOST = "$(BUILT_PRODUCTS_DIR)/Auction.app/Auction";
			};
			name = Debug;
		};
		D4EF1B562964EDF00067E5DD /* Release */ = {
			isa = XCBuildConfiguration;
			baseConfigurationReference = 76A2517EAD60F613BF641EC4 /* Pods-AuctionTests.release.xcconfig */;
			buildSettings = {
				ALWAYS_EMBED_SWIFT_STANDARD_LIBRARIES = YES;
				BUNDLE_LOADER = "$(TEST_HOST)";
				CODE_SIGN_STYLE = Automatic;
				CURRENT_PROJECT_VERSION = 1;
				GENERATE_INFOPLIST_FILE = YES;
				IPHONEOS_DEPLOYMENT_TARGET = 15.2;
				MARKETING_VERSION = 1.0;
				PRODUCT_BUNDLE_IDENTIFIER = Mostafa.AuctionTests;
				PRODUCT_NAME = "$(TARGET_NAME)";
				SWIFT_EMIT_LOC_STRINGS = NO;
				SWIFT_VERSION = 5.0;
				TARGETED_DEVICE_FAMILY = "1,2";
				TEST_HOST = "$(BUILT_PRODUCTS_DIR)/Auction.app/Auction";
			};
			name = Release;
		};
		D4EF1B582964EDF00067E5DD /* Debug */ = {
			isa = XCBuildConfiguration;
			baseConfigurationReference = EC21907E3278884FA1701060 /* Pods-Auction-AuctionUITests.debug.xcconfig */;
			buildSettings = {
				ALWAYS_EMBED_SWIFT_STANDARD_LIBRARIES = YES;
				CODE_SIGN_STYLE = Automatic;
				CURRENT_PROJECT_VERSION = 1;
				GENERATE_INFOPLIST_FILE = YES;
				MARKETING_VERSION = 1.0;
				PRODUCT_BUNDLE_IDENTIFIER = Mostafa.AuctionUITests;
				PRODUCT_NAME = "$(TARGET_NAME)";
				SWIFT_EMIT_LOC_STRINGS = NO;
				SWIFT_VERSION = 5.0;
				TARGETED_DEVICE_FAMILY = "1,2";
				TEST_TARGET_NAME = Auction;
			};
			name = Debug;
		};
		D4EF1B592964EDF00067E5DD /* Release */ = {
			isa = XCBuildConfiguration;
			baseConfigurationReference = D65E0BD02F1DCF5D3B83FBAF /* Pods-Auction-AuctionUITests.release.xcconfig */;
			buildSettings = {
				ALWAYS_EMBED_SWIFT_STANDARD_LIBRARIES = YES;
				CODE_SIGN_STYLE = Automatic;
				CURRENT_PROJECT_VERSION = 1;
				GENERATE_INFOPLIST_FILE = YES;
				MARKETING_VERSION = 1.0;
				PRODUCT_BUNDLE_IDENTIFIER = Mostafa.AuctionUITests;
				PRODUCT_NAME = "$(TARGET_NAME)";
				SWIFT_EMIT_LOC_STRINGS = NO;
				SWIFT_VERSION = 5.0;
				TARGETED_DEVICE_FAMILY = "1,2";
				TEST_TARGET_NAME = Auction;
			};
			name = Release;
		};
/* End XCBuildConfiguration section */

/* Begin XCConfigurationList section */
		D4EF1B222964EDEE0067E5DD /* Build configuration list for PBXProject "Auction" */ = {
			isa = XCConfigurationList;
			buildConfigurations = (
				D4EF1B4F2964EDF00067E5DD /* Debug */,
				D4EF1B502964EDF00067E5DD /* Release */,
			);
			defaultConfigurationIsVisible = 0;
			defaultConfigurationName = Release;
		};
		D4EF1B512964EDF00067E5DD /* Build configuration list for PBXNativeTarget "Auction" */ = {
			isa = XCConfigurationList;
			buildConfigurations = (
				D4EF1B522964EDF00067E5DD /* Debug */,
				D4EF1B532964EDF00067E5DD /* Release */,
			);
			defaultConfigurationIsVisible = 0;
			defaultConfigurationName = Release;
		};
		D4EF1B542964EDF00067E5DD /* Build configuration list for PBXNativeTarget "AuctionTests" */ = {
			isa = XCConfigurationList;
			buildConfigurations = (
				D4EF1B552964EDF00067E5DD /* Debug */,
				D4EF1B562964EDF00067E5DD /* Release */,
			);
			defaultConfigurationIsVisible = 0;
			defaultConfigurationName = Release;
		};
		D4EF1B572964EDF00067E5DD /* Build configuration list for PBXNativeTarget "AuctionUITests" */ = {
			isa = XCConfigurationList;
			buildConfigurations = (
				D4EF1B582964EDF00067E5DD /* Debug */,
				D4EF1B592964EDF00067E5DD /* Release */,
			);
			defaultConfigurationIsVisible = 0;
			defaultConfigurationName = Release;
		};
/* End XCConfigurationList section */
	};
	rootObject = D4EF1B1F2964EDEE0067E5DD /* Project object */;
}
